
Microsoft Visual Studio Solution File, Format Version 12.00
# Visual Studio Version 17
VisualStudioVersion = 17.6.33829.357
MinimumVisualStudioVersion = 10.0.40219.1
Project("{FAE04EC0-301F-11D3-BF4B-00C04F79EFBC}") = "MyApp.Shared", "MyApp.Shared\MyApp.Shared.csproj", "{5A00BF13-25FF-4207-8E17-05361DCA9503}"
EndProject
Project("{FAE04EC0-301F-11D3-BF4B-00C04F79EFBC}") = "MyApp.Api", "MyApp.Api\MyApp.Api.csproj", "{CECFC6A2-3CB0-42A0-B681-238A6FA19CD4}"
EndProject
Global
	GlobalSection(SolutionConfigurationPlatforms) = preSolution
		Debug|Any CPU = Debug|Any CPU
		Release|Any CPU = Release|Any CPU
	EndGlobalSection
	GlobalSection(ProjectConfigurationPlatforms) = postSolution
		{5A00BF13-25FF-4207-8E17-05361DCA9503}.Debug|Any CPU.ActiveCfg = Debug|Any CPU
		{5A00BF13-25FF-4207-8E17-05361DCA9503}.Debug|Any CPU.Build.0 = Debug|Any CPU
		{5A00BF13-25FF-4207-8E17-05361DCA9503}.Release|Any CPU.ActiveCfg = Release|Any CPU
		{5A00BF13-25FF-4207-8E17-05361DCA9503}.Release|Any CPU.Build.0 = Release|Any CPU
		{CECFC6A2-3CB0-42A0-B681-238A6FA19CD4}.Debug|Any CPU.ActiveCfg = Debug|Any CPU
		{CECFC6A2-3CB0-42A0-B681-238A6FA19CD4}.Debug|Any CPU.Build.0 = Debug|Any CPU
		{CECFC6A2-3CB0-42A0-B681-238A6FA19CD4}.Release|Any CPU.ActiveCfg = Release|Any CPU
		{CECFC6A2-3CB0-42A0-B681-238A6FA19CD4}.Release|Any CPU.Build.0 = Release|Any CPU
	EndGlobalSection
	GlobalSection(SolutionProperties) = preSolution
		HideSolutionNode = FALSE
	EndGlobalSection
	GlobalSection(ExtensibilityGlobals) = postSolution
		SolutionGuid = {B83C279C-BE8C-4AE6-BCCD-F75A7C11C2D7}
	EndGlobalSection
EndGlobal
